<?xml version="1.0" encoding="UTF-8" standalone="yes" ?>
<CodeBlocks_project_file>
	<FileVersion major="1" minor="6" />
	<Project>
		<Option title="problema1" />
		<Option pch_mode="2" />
		<Option compiler="gcc" />
		<Build>
			<Target title="Debug">
				<Option output="bin/Debug/problema1" prefix_auto="1" extension_auto="1" />
				<Option object_output="obj/Debug/" />
				<Option type="1" />
				<Option compiler="gcc" />
				<Compiler>
					<Add option="-g" />
				</Compiler>
			</Target>
			<Target title="Release">
				<Option output="bin/Release/problema1" prefix_auto="1" extension_auto="1" />
				<Option object_output="obj/Release/" />
				<Option type="1" />
				<Option compiler="gcc" />
				<Compiler>
					<Add option="-O2" />
				</Compiler>
				<Linker>
					<Add option="-s" />
				</Linker>
			</Target>
		</Build>
		<Compiler>
			<Add option="-Wall" />
			<Add option="-fexceptions" />
		</Compiler>
		<Unit filename="Bmw.cpp" />
		<Unit filename="Bmw.h" />
		<Unit filename="Car.h" />
		<Unit filename="Circuit.cpp" />
		<Unit filename="Circuit.h" />
		<Unit filename="Fiat.cpp" />
		<Unit filename="Fiat.h" />
		<Unit filename="RangeRover.cpp" />
		<Unit filename="RangeRover.h" />
		<Unit filename="Seat.cpp" />
		<Unit filename="Seat.h" />
		<Unit filename="Volvo.cpp" />
		<Unit filename="Volvo.h" />
		<Unit filename="Weather.h" />
		<Unit filename="main.cpp" />
		<Extensions>
			<lib_finder disable_auto="1" />
		</Extensions>
	</Project>
</CodeBlocks_project_file>
